
Microsoft Visual Studio Solution File, Format Version 12.00
# Visual Studio Version 16
VisualStudioVersion = 16.0.30804.86
MinimumVisualStudioVersion = 10.0.40219.1
Project("{FAE04EC0-301F-11D3-BF4B-00C04F79EFBC}") = "FileWork1_Cleaner", "FileWork1_Cleaner\FileWork1_Cleaner.csproj", "{B73AF6B8-C708-4D77-BDB7-D38A1516A4F7}"
EndProject
Global
	GlobalSection(SolutionConfigurationPlatforms) = preSolution
		Debug|Any CPU = Debug|Any CPU
		Release|Any CPU = Release|Any CPU
	EndGlobalSection
	GlobalSection(ProjectConfigurationPlatforms) = postSolution
		{B73AF6B8-C708-4D77-BDB7-D38A1516A4F7}.Debug|Any CPU.ActiveCfg = Debug|Any CPU
		{B73AF6B8-C708-4D77-BDB7-D38A1516A4F7}.Debug|Any CPU.Build.0 = Debug|Any CPU
		{B73AF6B8-C708-4D77-BDB7-D38A1516A4F7}.Release|Any CPU.ActiveCfg = Release|Any CPU
		{B73AF6B8-C708-4D77-BDB7-D38A1516A4F7}.Release|Any CPU.Build.0 = Release|Any CPU
	EndGlobalSection
	GlobalSection(SolutionProperties) = preSolution
		HideSolutionNode = FALSE
	EndGlobalSection
	GlobalSection(ExtensibilityGlobals) = postSolution
		SolutionGuid = {B1DF4E5C-B406-4FA1-A891-58DD9337AB01}
	EndGlobalSection
EndGlobal
